
Microsoft Visual Studio Solution File, Format Version 12.00
# Visual Studio Version 17
VisualStudioVersion = 17.5.33530.505
MinimumVisualStudioVersion = 10.0.40219.1
Project("{9A19103F-16F7-4668-BE54-9A1E7A4F7556}") = "workload", "workload.csproj", "{5B14069A-0C61-498F-B712-ADB253C978A2}"
EndProject
Project("{FAE04EC0-301F-11D3-BF4B-00C04F79EFBC}") = "workload_Utility", "..\workload_Utility\workload_Utility.csproj", "{2AF15DC2-FEC7-4F11-91A8-CAEF51D6F018}"
EndProject
Project("{FAE04EC0-301F-11D3-BF4B-00C04F79EFBC}") = "workload_Models", "..\workload_Models\workload_Models.csproj", "{520FE71A-391F-41AF-85D3-CA4996084404}"
EndProject
Project("{FAE04EC0-301F-11D3-BF4B-00C04F79EFBC}") = "workload_DataAccess", "..\workload_DataAccess\workload_DataAccess.csproj", "{B66AF091-CBC5-4C59-9944-6153DD7552B8}"
EndProject
Global
	GlobalSection(SolutionConfigurationPlatforms) = preSolution
		Debug|Any CPU = Debug|Any CPU
		Release|Any CPU = Release|Any CPU
	EndGlobalSection
	GlobalSection(ProjectConfigurationPlatforms) = postSolution
		{5B14069A-0C61-498F-B712-ADB253C978A2}.Debug|Any CPU.ActiveCfg = Debug|Any CPU
		{5B14069A-0C61-498F-B712-ADB253C978A2}.Debug|Any CPU.Build.0 = Debug|Any CPU
		{5B14069A-0C61-498F-B712-ADB253C978A2}.Release|Any CPU.ActiveCfg = Release|Any CPU
		{5B14069A-0C61-498F-B712-ADB253C978A2}.Release|Any CPU.Build.0 = Release|Any CPU
		{2AF15DC2-FEC7-4F11-91A8-CAEF51D6F018}.Debug|Any CPU.ActiveCfg = Debug|Any CPU
		{2AF15DC2-FEC7-4F11-91A8-CAEF51D6F018}.Debug|Any CPU.Build.0 = Debug|Any CPU
		{2AF15DC2-FEC7-4F11-91A8-CAEF51D6F018}.Release|Any CPU.ActiveCfg = Release|Any CPU
		{2AF15DC2-FEC7-4F11-91A8-CAEF51D6F018}.Release|Any CPU.Build.0 = Release|Any CPU
		{520FE71A-391F-41AF-85D3-CA4996084404}.Debug|Any CPU.ActiveCfg = Debug|Any CPU
		{520FE71A-391F-41AF-85D3-CA4996084404}.Debug|Any CPU.Build.0 = Debug|Any CPU
		{520FE71A-391F-41AF-85D3-CA4996084404}.Release|Any CPU.ActiveCfg = Release|Any CPU
		{520FE71A-391F-41AF-85D3-CA4996084404}.Release|Any CPU.Build.0 = Release|Any CPU
		{B66AF091-CBC5-4C59-9944-6153DD7552B8}.Debug|Any CPU.ActiveCfg = Debug|Any CPU
		{B66AF091-CBC5-4C59-9944-6153DD7552B8}.Debug|Any CPU.Build.0 = Debug|Any CPU
		{B66AF091-CBC5-4C59-9944-6153DD7552B8}.Release|Any CPU.ActiveCfg = Release|Any CPU
		{B66AF091-CBC5-4C59-9944-6153DD7552B8}.Release|Any CPU.Build.0 = Release|Any CPU
	EndGlobalSection
	GlobalSection(SolutionProperties) = preSolution
		HideSolutionNode = FALSE
	EndGlobalSection
	GlobalSection(ExtensibilityGlobals) = postSolution
		SolutionGuid = {721C9A9A-1E07-4436-A27B-E3F11806B97A}
	EndGlobalSection
EndGlobal
